// !$*UTF8*$!
{
	archiveVersion = 1;
	classes = {
	};
	objectVersion = 52;
	objects = {

/* Begin PBXBuildFile section */
		199743BFA0939625190CD76E /* Pods_SimpleMVVMExample.framework in Frameworks */ = {isa = PBXBuildFile; fileRef = ABD2B2B17A331355B28B3626 /* Pods_SimpleMVVMExample.framework */; };
		6145684226D2B3C7002421C3 /* SnapshotTesting in Frameworks */ = {isa = PBXBuildFile; productRef = 6145684126D2B3C7002421C3 /* SnapshotTesting */; };
		6145685E26D4DFDC002421C3 /* CardTableViewCell.swift in Sources */ = {isa = PBXBuildFile; fileRef = 6145685B26D4DFDC002421C3 /* CardTableViewCell.swift */; };
		6145685F26D4DFDC002421C3 /* AccountTableViewCell.swift in Sources */ = {isa = PBXBuildFile; fileRef = 6145685C26D4DFDC002421C3 /* AccountTableViewCell.swift */; };
		6145686026D4DFDC002421C3 /* MessageTableViewCell.swift in Sources */ = {isa = PBXBuildFile; fileRef = 6145685D26D4DFDC002421C3 /* MessageTableViewCell.swift */; };
		6145687E26D4E698002421C3 /* DetailViewController.swift in Sources */ = {isa = PBXBuildFile; fileRef = 6145687D26D4E698002421C3 /* DetailViewController.swift */; };
		61640D0D26CBCFBA001E13F4 /* Podfile in Resources */ = {isa = PBXBuildFile; fileRef = 61640D0C26CBCFBA001E13F4 /* Podfile */; };
		616DF6BC26D24FBB006E0211 /* SimpleMVVMExampleSnapshotTests.swift in Sources */ = {isa = PBXBuildFile; fileRef = 616DF6BB26D24FBB006E0211 /* SimpleMVVMExampleSnapshotTests.swift */; };
		8C520FE0E61D577FAC7B42FC /* Pods_SimpleMVVMExampleTests.framework in Frameworks */ = {isa = PBXBuildFile; fileRef = 5487752672B6992EEBC0C26C /* Pods_SimpleMVVMExampleTests.framework */; };
		B1A660FDFD72F9BF1631F6A5 /* Pods_SimpleMVVMExampleUITests.framework in Frameworks */ = {isa = PBXBuildFile; fileRef = A1468B59A1D111A23980DF41 /* Pods_SimpleMVVMExampleUITests.framework */; };
		CAAD2ECB22F51C7E004310C1 /* AppDelegate.swift in Sources */ = {isa = PBXBuildFile; fileRef = CAAD2ECA22F51C7E004310C1 /* AppDelegate.swift */; };
		CAAD2ECD22F51C7E004310C1 /* PhotoListViewController.swift in Sources */ = {isa = PBXBuildFile; fileRef = CAAD2ECC22F51C7E004310C1 /* PhotoListViewController.swift */; };
		CAAD2ED022F51C7E004310C1 /* Main.storyboard in Resources */ = {isa = PBXBuildFile; fileRef = CAAD2ECE22F51C7E004310C1 /* Main.storyboard */; };
		CAAD2ED222F51C7F004310C1 /* Assets.xcassets in Resources */ = {isa = PBXBuildFile; fileRef = CAAD2ED122F51C7F004310C1 /* Assets.xcassets */; };
		CAAD2ED522F51C7F004310C1 /* LaunchScreen.storyboard in Resources */ = {isa = PBXBuildFile; fileRef = CAAD2ED322F51C7F004310C1 /* LaunchScreen.storyboard */; };
		CAAD2EE022F51C7F004310C1 /* SimpleMVVMExampleTests.swift in Sources */ = {isa = PBXBuildFile; fileRef = CAAD2EDF22F51C7F004310C1 /* SimpleMVVMExampleTests.swift */; };
		CAAD2EEB22F51C7F004310C1 /* SimpleMVVMExampleUITests.swift in Sources */ = {isa = PBXBuildFile; fileRef = CAAD2EEA22F51C7F004310C1 /* SimpleMVVMExampleUITests.swift */; };
		CAAD2F0122F52BE6004310C1 /* PhotoViewModel.swift in Sources */ = {isa = PBXBuildFile; fileRef = CAAD2F0022F52BE6004310C1 /* PhotoViewModel.swift */; };
		CAAD2F0622F531AE004310C1 /* PhotoModel.swift in Sources */ = {isa = PBXBuildFile; fileRef = CAAD2F0522F531AE004310C1 /* PhotoModel.swift */; };
/* End PBXBuildFile section */

/* Begin PBXContainerItemProxy section */
		616DF48226CD01D8006E0211 /* PBXContainerItemProxy */ = {
			isa = PBXContainerItemProxy;
			containerPortal = CAAD2EBF22F51C7E004310C1 /* Project object */;
			proxyType = 1;
			remoteGlobalIDString = CAAD2EC622F51C7E004310C1;
			remoteInfo = SimpleMVVMExample;
		};
		CAAD2EDC22F51C7F004310C1 /* PBXContainerItemProxy */ = {
			isa = PBXContainerItemProxy;
			containerPortal = CAAD2EBF22F51C7E004310C1 /* Project object */;
			proxyType = 1;
			remoteGlobalIDString = CAAD2EC622F51C7E004310C1;
			remoteInfo = SimpleMVVMExample;
		};
		CAAD2EE722F51C7F004310C1 /* PBXContainerItemProxy */ = {
			isa = PBXContainerItemProxy;
			containerPortal = CAAD2EBF22F51C7E004310C1 /* Project object */;
			proxyType = 1;
			remoteGlobalIDString = CAAD2EC622F51C7E004310C1;
			remoteInfo = SimpleMVVMExample;
		};
/* End PBXContainerItemProxy section */

/* Begin PBXFileReference section */
		201B9DA158FB188AE676BF83 /* Pods-SimpleMVVMExampleTests.debug.xcconfig */ = {isa = PBXFileReference; includeInIndex = 1; lastKnownFileType = text.xcconfig; name = "Pods-SimpleMVVMExampleTests.debug.xcconfig"; path = "Target Support Files/Pods-SimpleMVVMExampleTests/Pods-SimpleMVVMExampleTests.debug.xcconfig"; sourceTree = "<group>"; };
		2F438F60278C1B5EA8DDBA3A /* Pods-SimpleMVVMExampleUITests.release.xcconfig */ = {isa = PBXFileReference; includeInIndex = 1; lastKnownFileType = text.xcconfig; name = "Pods-SimpleMVVMExampleUITests.release.xcconfig"; path = "Target Support Files/Pods-SimpleMVVMExampleUITests/Pods-SimpleMVVMExampleUITests.release.xcconfig"; sourceTree = "<group>"; };
		42F1731A8B0E2185D1E3A8AA /* Pods-SimpleMVVMExampleUITests.debug.xcconfig */ = {isa = PBXFileReference; includeInIndex = 1; lastKnownFileType = text.xcconfig; name = "Pods-SimpleMVVMExampleUITests.debug.xcconfig"; path = "Target Support Files/Pods-SimpleMVVMExampleUITests/Pods-SimpleMVVMExampleUITests.debug.xcconfig"; sourceTree = "<group>"; };
		42F35AEC9F3377AD850EB5B1 /* Pods-SimpleMVVMExample-SimpleMVVMExampleUITests.release.xcconfig */ = {isa = PBXFileReference; includeInIndex = 1; lastKnownFileType = text.xcconfig; name = "Pods-SimpleMVVMExample-SimpleMVVMExampleUITests.release.xcconfig"; path = "Target Support Files/Pods-SimpleMVVMExample-SimpleMVVMExampleUITests/Pods-SimpleMVVMExample-SimpleMVVMExampleUITests.release.xcconfig"; sourceTree = "<group>"; };
		5487752672B6992EEBC0C26C /* Pods_SimpleMVVMExampleTests.framework */ = {isa = PBXFileReference; explicitFileType = wrapper.framework; includeInIndex = 0; path = Pods_SimpleMVVMExampleTests.framework; sourceTree = BUILT_PRODUCTS_DIR; };
		55624029A0AD4DD4A1B08BC6 /* Pods-SimpleMVVMExample.debug.xcconfig */ = {isa = PBXFileReference; includeInIndex = 1; lastKnownFileType = text.xcconfig; name = "Pods-SimpleMVVMExample.debug.xcconfig"; path = "Target Support Files/Pods-SimpleMVVMExample/Pods-SimpleMVVMExample.debug.xcconfig"; sourceTree = "<group>"; };
		6145685B26D4DFDC002421C3 /* CardTableViewCell.swift */ = {isa = PBXFileReference; fileEncoding = 4; lastKnownFileType = sourcecode.swift; path = CardTableViewCell.swift; sourceTree = "<group>"; };
		6145685C26D4DFDC002421C3 /* AccountTableViewCell.swift */ = {isa = PBXFileReference; fileEncoding = 4; lastKnownFileType = sourcecode.swift; path = AccountTableViewCell.swift; sourceTree = "<group>"; };
		6145685D26D4DFDC002421C3 /* MessageTableViewCell.swift */ = {isa = PBXFileReference; fileEncoding = 4; lastKnownFileType = sourcecode.swift; path = MessageTableViewCell.swift; sourceTree = "<group>"; };
		6145687D26D4E698002421C3 /* DetailViewController.swift */ = {isa = PBXFileReference; fileEncoding = 4; lastKnownFileType = sourcecode.swift; path = DetailViewController.swift; sourceTree = "<group>"; };
		61640D0C26CBCFBA001E13F4 /* Podfile */ = {isa = PBXFileReference; fileEncoding = 4; lastKnownFileType = text; path = Podfile; sourceTree = SOURCE_ROOT; };
		616DF47D26CD01D8006E0211 /* SimpleMVVMExampleSnapshotTests.xctest */ = {isa = PBXFileReference; explicitFileType = wrapper.cfbundle; includeInIndex = 0; path = SimpleMVVMExampleSnapshotTests.xctest; sourceTree = BUILT_PRODUCTS_DIR; };
		616DF6BB26D24FBB006E0211 /* SimpleMVVMExampleSnapshotTests.swift */ = {isa = PBXFileReference; lastKnownFileType = sourcecode.swift; path = SimpleMVVMExampleSnapshotTests.swift; sourceTree = "<group>"; };
		A1468B59A1D111A23980DF41 /* Pods_SimpleMVVMExampleUITests.framework */ = {isa = PBXFileReference; explicitFileType = wrapper.framework; includeInIndex = 0; path = Pods_SimpleMVVMExampleUITests.framework; sourceTree = BUILT_PRODUCTS_DIR; };
		ABD2B2B17A331355B28B3626 /* Pods_SimpleMVVMExample.framework */ = {isa = PBXFileReference; explicitFileType = wrapper.framework; includeInIndex = 0; path = Pods_SimpleMVVMExample.framework; sourceTree = BUILT_PRODUCTS_DIR; };
		C911F9812BDD3B6D02868FB6 /* Pods-SimpleMVVMExampleTests.release.xcconfig */ = {isa = PBXFileReference; includeInIndex = 1; lastKnownFileType = text.xcconfig; name = "Pods-SimpleMVVMExampleTests.release.xcconfig"; path = "Target Support Files/Pods-SimpleMVVMExampleTests/Pods-SimpleMVVMExampleTests.release.xcconfig"; sourceTree = "<group>"; };
		CAAD2EC722F51C7E004310C1 /* SimpleMVVMExample.app */ = {isa = PBXFileReference; explicitFileType = wrapper.application; includeInIndex = 0; path = SimpleMVVMExample.app; sourceTree = BUILT_PRODUCTS_DIR; };
		CAAD2ECA22F51C7E004310C1 /* AppDelegate.swift */ = {isa = PBXFileReference; lastKnownFileType = sourcecode.swift; path = AppDelegate.swift; sourceTree = "<group>"; };
		CAAD2ECC22F51C7E004310C1 /* PhotoListViewController.swift */ = {isa = PBXFileReference; lastKnownFileType = sourcecode.swift; path = PhotoListViewController.swift; sourceTree = "<group>"; };
		CAAD2ECF22F51C7E004310C1 /* Base */ = {isa = PBXFileReference; lastKnownFileType = file.storyboard; name = Base; path = Base.lproj/Main.storyboard; sourceTree = "<group>"; };
		CAAD2ED122F51C7F004310C1 /* Assets.xcassets */ = {isa = PBXFileReference; lastKnownFileType = folder.assetcatalog; path = Assets.xcassets; sourceTree = "<group>"; };
		CAAD2ED422F51C7F004310C1 /* Base */ = {isa = PBXFileReference; lastKnownFileType = file.storyboard; name = Base; path = Base.lproj/LaunchScreen.storyboard; sourceTree = "<group>"; };
		CAAD2ED622F51C7F004310C1 /* Info.plist */ = {isa = PBXFileReference; lastKnownFileType = text.plist.xml; path = Info.plist; sourceTree = "<group>"; };
		CAAD2EDB22F51C7F004310C1 /* SimpleMVVMExampleTests.xctest */ = {isa = PBXFileReference; explicitFileType = wrapper.cfbundle; includeInIndex = 0; path = SimpleMVVMExampleTests.xctest; sourceTree = BUILT_PRODUCTS_DIR; };
		CAAD2EDF22F51C7F004310C1 /* SimpleMVVMExampleTests.swift */ = {isa = PBXFileReference; lastKnownFileType = sourcecode.swift; path = SimpleMVVMExampleTests.swift; sourceTree = "<group>"; };
		CAAD2EE622F51C7F004310C1 /* SimpleMVVMExampleUITests.xctest */ = {isa = PBXFileReference; explicitFileType = wrapper.cfbundle; includeInIndex = 0; path = SimpleMVVMExampleUITests.xctest; sourceTree = BUILT_PRODUCTS_DIR; };
		CAAD2EEA22F51C7F004310C1 /* SimpleMVVMExampleUITests.swift */ = {isa = PBXFileReference; lastKnownFileType = sourcecode.swift; path = SimpleMVVMExampleUITests.swift; sourceTree = "<group>"; };
		CAAD2F0022F52BE6004310C1 /* PhotoViewModel.swift */ = {isa = PBXFileReference; lastKnownFileType = sourcecode.swift; path = PhotoViewModel.swift; sourceTree = "<group>"; };
		CAAD2F0522F531AE004310C1 /* PhotoModel.swift */ = {isa = PBXFileReference; fileEncoding = 4; lastKnownFileType = sourcecode.swift; path = PhotoModel.swift; sourceTree = "<group>"; };
		EC5FACD34A68260473A38701 /* Pods-SimpleMVVMExample-SimpleMVVMExampleUITests.debug.xcconfig */ = {isa = PBXFileReference; includeInIndex = 1; lastKnownFileType = text.xcconfig; name = "Pods-SimpleMVVMExample-SimpleMVVMExampleUITests.debug.xcconfig"; path = "Target Support Files/Pods-SimpleMVVMExample-SimpleMVVMExampleUITests/Pods-SimpleMVVMExample-SimpleMVVMExampleUITests.debug.xcconfig"; sourceTree = "<group>"; };
		FE17B577B17F2C538A1A4811 /* Pods-SimpleMVVMExample.release.xcconfig */ = {isa = PBXFileReference; includeInIndex = 1; lastKnownFileType = text.xcconfig; name = "Pods-SimpleMVVMExample.release.xcconfig"; path = "Target Support Files/Pods-SimpleMVVMExample/Pods-SimpleMVVMExample.release.xcconfig"; sourceTree = "<group>"; };
/* End PBXFileReference section */

/* Begin PBXFrameworksBuildPhase section */
		616DF47A26CD01D8006E0211 /* Frameworks */ = {
			isa = PBXFrameworksBuildPhase;
			buildActionMask = 2147483647;
			files = (
				6145684226D2B3C7002421C3 /* SnapshotTesting in Frameworks */,
			);
			runOnlyForDeploymentPostprocessing = 0;
		};
		CAAD2EC422F51C7E004310C1 /* Frameworks */ = {
			isa = PBXFrameworksBuildPhase;
			buildActionMask = 2147483647;
			files = (
				199743BFA0939625190CD76E /* Pods_SimpleMVVMExample.framework in Frameworks */,
			);
			runOnlyForDeploymentPostprocessing = 0;
		};
		CAAD2ED822F51C7F004310C1 /* Frameworks */ = {
			isa = PBXFrameworksBuildPhase;
			buildActionMask = 2147483647;
			files = (
				8C520FE0E61D577FAC7B42FC /* Pods_SimpleMVVMExampleTests.framework in Frameworks */,
			);
			runOnlyForDeploymentPostprocessing = 0;
		};
		CAAD2EE322F51C7F004310C1 /* Frameworks */ = {
			isa = PBXFrameworksBuildPhase;
			buildActionMask = 2147483647;
			files = (
				B1A660FDFD72F9BF1631F6A5 /* Pods_SimpleMVVMExampleUITests.framework in Frameworks */,
			);
			runOnlyForDeploymentPostprocessing = 0;
		};
/* End PBXFrameworksBuildPhase section */

/* Begin PBXGroup section */
		6145685A26D4DFBB002421C3 /* Cells */ = {
			isa = PBXGroup;
			children = (
				6145685C26D4DFDC002421C3 /* AccountTableViewCell.swift */,
				6145685B26D4DFDC002421C3 /* CardTableViewCell.swift */,
				6145685D26D4DFDC002421C3 /* MessageTableViewCell.swift */,
			);
			path = Cells;
			sourceTree = "<group>";
		};
		616DF47E26CD01D8006E0211 /* SimpleMVVMExampleSnapshotTests */ = {
			isa = PBXGroup;
			children = (
				616DF6BB26D24FBB006E0211 /* SimpleMVVMExampleSnapshotTests.swift */,
			);
			path = SimpleMVVMExampleSnapshotTests;
			sourceTree = "<group>";
		};
		69CD617D214B88500DCA25D1 /* Frameworks */ = {
			isa = PBXGroup;
			children = (
				ABD2B2B17A331355B28B3626 /* Pods_SimpleMVVMExample.framework */,
				5487752672B6992EEBC0C26C /* Pods_SimpleMVVMExampleTests.framework */,
				A1468B59A1D111A23980DF41 /* Pods_SimpleMVVMExampleUITests.framework */,
			);
			name = Frameworks;
			sourceTree = "<group>";
		};
		CAAD2EBE22F51C7E004310C1 = {
			isa = PBXGroup;
			children = (
				CAAD2EC922F51C7E004310C1 /* SimpleMVVMExample */,
				CAAD2EDE22F51C7F004310C1 /* SimpleMVVMExampleTests */,
				CAAD2EE922F51C7F004310C1 /* SimpleMVVMExampleUITests */,
				616DF47E26CD01D8006E0211 /* SimpleMVVMExampleSnapshotTests */,
				CAAD2EC822F51C7E004310C1 /* Products */,
				F778CC4007A2FAEC1FBFA997 /* Pods */,
				69CD617D214B88500DCA25D1 /* Frameworks */,
			);
			sourceTree = "<group>";
		};
		CAAD2EC822F51C7E004310C1 /* Products */ = {
			isa = PBXGroup;
			children = (
				CAAD2EC722F51C7E004310C1 /* SimpleMVVMExample.app */,
				CAAD2EDB22F51C7F004310C1 /* SimpleMVVMExampleTests.xctest */,
				CAAD2EE622F51C7F004310C1 /* SimpleMVVMExampleUITests.xctest */,
				616DF47D26CD01D8006E0211 /* SimpleMVVMExampleSnapshotTests.xctest */,
			);
			name = Products;
			sourceTree = "<group>";
		};
		CAAD2EC922F51C7E004310C1 /* SimpleMVVMExample */ = {
			isa = PBXGroup;
			children = (
				CAAD2ECA22F51C7E004310C1 /* AppDelegate.swift */,
				CAAD2F4922F555F9004310C1 /* View */,
				CAAD2EFF22F52B83004310C1 /* Model */,
				CAAD2F0222F52BEC004310C1 /* ViewModel */,
				CAAD2ECE22F51C7E004310C1 /* Main.storyboard */,
				CAAD2ED122F51C7F004310C1 /* Assets.xcassets */,
				CAAD2ED322F51C7F004310C1 /* LaunchScreen.storyboard */,
				CAAD2ED622F51C7F004310C1 /* Info.plist */,
				61640D0C26CBCFBA001E13F4 /* Podfile */,
			);
			path = SimpleMVVMExample;
			sourceTree = "<group>";
		};
		CAAD2EDE22F51C7F004310C1 /* SimpleMVVMExampleTests */ = {
			isa = PBXGroup;
			children = (
				CAAD2EDF22F51C7F004310C1 /* SimpleMVVMExampleTests.swift */,
			);
			path = SimpleMVVMExampleTests;
			sourceTree = "<group>";
		};
		CAAD2EE922F51C7F004310C1 /* SimpleMVVMExampleUITests */ = {
			isa = PBXGroup;
			children = (
				CAAD2EEA22F51C7F004310C1 /* SimpleMVVMExampleUITests.swift */,
			);
			path = SimpleMVVMExampleUITests;
			sourceTree = "<group>";
		};
		CAAD2EFF22F52B83004310C1 /* Model */ = {
			isa = PBXGroup;
			children = (
				CAAD2F0522F531AE004310C1 /* PhotoModel.swift */,
			);
			path = Model;
			sourceTree = "<group>";
		};
		CAAD2F0222F52BEC004310C1 /* ViewModel */ = {
			isa = PBXGroup;
			children = (
				CAAD2F0022F52BE6004310C1 /* PhotoViewModel.swift */,
			);
			path = ViewModel;
			sourceTree = "<group>";
		};
		CAAD2F4922F555F9004310C1 /* View */ = {
			isa = PBXGroup;
			children = (
				6145685A26D4DFBB002421C3 /* Cells */,
				CAAD2ECC22F51C7E004310C1 /* PhotoListViewController.swift */,
				6145687D26D4E698002421C3 /* DetailViewController.swift */,
			);
			path = View;
			sourceTree = "<group>";
		};
		F778CC4007A2FAEC1FBFA997 /* Pods */ = {
			isa = PBXGroup;
			children = (
				55624029A0AD4DD4A1B08BC6 /* Pods-SimpleMVVMExample.debug.xcconfig */,
				FE17B577B17F2C538A1A4811 /* Pods-SimpleMVVMExample.release.xcconfig */,
				EC5FACD34A68260473A38701 /* Pods-SimpleMVVMExample-SimpleMVVMExampleUITests.debug.xcconfig */,
				42F35AEC9F3377AD850EB5B1 /* Pods-SimpleMVVMExample-SimpleMVVMExampleUITests.release.xcconfig */,
				201B9DA158FB188AE676BF83 /* Pods-SimpleMVVMExampleTests.debug.xcconfig */,
				C911F9812BDD3B6D02868FB6 /* Pods-SimpleMVVMExampleTests.release.xcconfig */,
				42F1731A8B0E2185D1E3A8AA /* Pods-SimpleMVVMExampleUITests.debug.xcconfig */,
				2F438F60278C1B5EA8DDBA3A /* Pods-SimpleMVVMExampleUITests.release.xcconfig */,
			);
			path = Pods;
			sourceTree = "<group>";
		};
/* End PBXGroup section */

/* Begin PBXNativeTarget section */
		616DF47C26CD01D8006E0211 /* SimpleMVVMExampleSnapshotTests */ = {
			isa = PBXNativeTarget;
			buildConfigurationList = 616DF48626CD01D8006E0211 /* Build configuration list for PBXNativeTarget "SimpleMVVMExampleSnapshotTests" */;
			buildPhases = (
				616DF47926CD01D8006E0211 /* Sources */,
				616DF47A26CD01D8006E0211 /* Frameworks */,
				616DF47B26CD01D8006E0211 /* Resources */,
			);
			buildRules = (
			);
			dependencies = (
				616DF48326CD01D8006E0211 /* PBXTargetDependency */,
			);
			name = SimpleMVVMExampleSnapshotTests;
			packageProductDependencies = (
				6145684126D2B3C7002421C3 /* SnapshotTesting */,
			);
			productName = SimpleMVVMExampleSnapshotTests;
			productReference = 616DF47D26CD01D8006E0211 /* SimpleMVVMExampleSnapshotTests.xctest */;
			productType = "com.apple.product-type.bundle.unit-test";
		};
		CAAD2EC622F51C7E004310C1 /* SimpleMVVMExample */ = {
			isa = PBXNativeTarget;
			buildConfigurationList = CAAD2EEF22F51C7F004310C1 /* Build configuration list for PBXNativeTarget "SimpleMVVMExample" */;
			buildPhases = (
				D4BA7CAB6C949F61E84AA41C /* [CP] Check Pods Manifest.lock */,
				CAAD2EC322F51C7E004310C1 /* Sources */,
				CAAD2EC422F51C7E004310C1 /* Frameworks */,
				CAAD2EC522F51C7E004310C1 /* Resources */,
				65325AA2A2C629D317CCE442 /* [CP] Embed Pods Frameworks */,
			);
			buildRules = (
			);
			dependencies = (
			);
			name = SimpleMVVMExample;
			productName = SimpleMVVMExample;
			productReference = CAAD2EC722F51C7E004310C1 /* SimpleMVVMExample.app */;
			productType = "com.apple.product-type.application";
		};
		CAAD2EDA22F51C7F004310C1 /* SimpleMVVMExampleTests */ = {
			isa = PBXNativeTarget;
			buildConfigurationList = CAAD2EF222F51C7F004310C1 /* Build configuration list for PBXNativeTarget "SimpleMVVMExampleTests" */;
			buildPhases = (
				C16BDE4F7F4EF86B58C990EE /* [CP] Check Pods Manifest.lock */,
				CAAD2ED722F51C7F004310C1 /* Sources */,
				CAAD2ED822F51C7F004310C1 /* Frameworks */,
				CAAD2ED922F51C7F004310C1 /* Resources */,
				885E8128F7185F19DADC0870 /* [CP] Embed Pods Frameworks */,
			);
			buildRules = (
			);
			dependencies = (
				CAAD2EDD22F51C7F004310C1 /* PBXTargetDependency */,
			);
			name = SimpleMVVMExampleTests;
			productName = SimpleMVVMExampleTests;
			productReference = CAAD2EDB22F51C7F004310C1 /* SimpleMVVMExampleTests.xctest */;
			productType = "com.apple.product-type.bundle.unit-test";
		};
		CAAD2EE522F51C7F004310C1 /* SimpleMVVMExampleUITests */ = {
			isa = PBXNativeTarget;
			buildConfigurationList = CAAD2EF522F51C7F004310C1 /* Build configuration list for PBXNativeTarget "SimpleMVVMExampleUITests" */;
			buildPhases = (
				0B56E5A92E0025F9B881EFA9 /* [CP] Check Pods Manifest.lock */,
				CAAD2EE222F51C7F004310C1 /* Sources */,
				CAAD2EE322F51C7F004310C1 /* Frameworks */,
				CAAD2EE422F51C7F004310C1 /* Resources */,
				3F88458FFBC2DC4FB95604AA /* [CP] Embed Pods Frameworks */,
			);
			buildRules = (
			);
			dependencies = (
				CAAD2EE822F51C7F004310C1 /* PBXTargetDependency */,
			);
			name = SimpleMVVMExampleUITests;
			productName = SimpleMVVMExampleUITests;
			productReference = CAAD2EE622F51C7F004310C1 /* SimpleMVVMExampleUITests.xctest */;
			productType = "com.apple.product-type.bundle.ui-testing";
		};
/* End PBXNativeTarget section */

/* Begin PBXProject section */
		CAAD2EBF22F51C7E004310C1 /* Project object */ = {
			isa = PBXProject;
			attributes = {
				LastSwiftUpdateCheck = 1240;
				LastUpgradeCheck = 1020;
				ORGANIZATIONNAME = "Steven Curtis";
				TargetAttributes = {
					616DF47C26CD01D8006E0211 = {
						CreatedOnToolsVersion = 12.4;
						TestTargetID = CAAD2EC622F51C7E004310C1;
					};
					CAAD2EC622F51C7E004310C1 = {
						CreatedOnToolsVersion = 10.2.1;
					};
					CAAD2EDA22F51C7F004310C1 = {
						CreatedOnToolsVersion = 10.2.1;
						TestTargetID = CAAD2EC622F51C7E004310C1;
					};
					CAAD2EE522F51C7F004310C1 = {
						CreatedOnToolsVersion = 10.2.1;
						TestTargetID = CAAD2EC622F51C7E004310C1;
					};
				};
			};
			buildConfigurationList = CAAD2EC222F51C7E004310C1 /* Build configuration list for PBXProject "SimpleMVVMExample" */;
			compatibilityVersion = "Xcode 9.3";
			developmentRegion = en;
			hasScannedForEncodings = 0;
			knownRegions = (
				en,
				Base,
			);
			mainGroup = CAAD2EBE22F51C7E004310C1;
			packageReferences = (
				6145684026D2B3C7002421C3 /* XCRemoteSwiftPackageReference "swift-snapshot-testing" */,
			);
			productRefGroup = CAAD2EC822F51C7E004310C1 /* Products */;
			projectDirPath = "";
			projectRoot = "";
			targets = (
				CAAD2EC622F51C7E004310C1 /* SimpleMVVMExample */,
				CAAD2EDA22F51C7F004310C1 /* SimpleMVVMExampleTests */,
				CAAD2EE522F51C7F004310C1 /* SimpleMVVMExampleUITests */,
				616DF47C26CD01D8006E0211 /* SimpleMVVMExampleSnapshotTests */,
			);
		};
/* End PBXProject section */

/* Begin PBXResourcesBuildPhase section */
		616DF47B26CD01D8006E0211 /* Resources */ = {
			isa = PBXResourcesBuildPhase;
			buildActionMask = 2147483647;
			files = (
			);
			runOnlyForDeploymentPostprocessing = 0;
		};
		CAAD2EC522F51C7E004310C1 /* Resources */ = {
			isa = PBXResourcesBuildPhase;
			buildActionMask = 2147483647;
			files = (
				CAAD2ED522F51C7F004310C1 /* LaunchScreen.storyboard in Resources */,
				CAAD2ED222F51C7F004310C1 /* Assets.xcassets in Resources */,
				61640D0D26CBCFBA001E13F4 /* Podfile in Resources */,
				CAAD2ED022F51C7E004310C1 /* Main.storyboard in Resources */,
			);
			runOnlyForDeploymentPostprocessing = 0;
		};
		CAAD2ED922F51C7F004310C1 /* Resources */ = {
			isa = PBXResourcesBuildPhase;
			buildActionMask = 2147483647;
			files = (
			);
			runOnlyForDeploymentPostprocessing = 0;
		};
		CAAD2EE422F51C7F004310C1 /* Resources */ = {
			isa = PBXResourcesBuildPhase;
			buildActionMask = 2147483647;
			files = (
			);
			runOnlyForDeploymentPostprocessing = 0;
		};
/* End PBXResourcesBuildPhase section */

/* Begin PBXShellScriptBuildPhase section */
		0B56E5A92E0025F9B881EFA9 /* [CP] Check Pods Manifest.lock */ = {
			isa = PBXShellScriptBuildPhase;
			buildActionMask = 2147483647;
			files = (
			);
			inputFileListPaths = (
			);
			inputPaths = (
				"${PODS_PODFILE_DIR_PATH}/Podfile.lock",
				"${PODS_ROOT}/Manifest.lock",
			);
			name = "[CP] Check Pods Manifest.lock";
			outputFileListPaths = (
			);
			outputPaths = (
				"$(DERIVED_FILE_DIR)/Pods-SimpleMVVMExampleUITests-checkManifestLockResult.txt",
			);
			runOnlyForDeploymentPostprocessing = 0;
			shellPath = /bin/sh;
			shellScript = "diff \"${PODS_PODFILE_DIR_PATH}/Podfile.lock\" \"${PODS_ROOT}/Manifest.lock\" > /dev/null\nif [ $? != 0 ] ; then\n    # print error to STDERR\n    echo \"error: The sandbox is not in sync with the Podfile.lock. Run 'pod install' or update your CocoaPods installation.\" >&2\n    exit 1\nfi\n# This output is used by Xcode 'outputs' to avoid re-running this script phase.\necho \"SUCCESS\" > \"${SCRIPT_OUTPUT_FILE_0}\"\n";
			showEnvVarsInLog = 0;
		};
		3F88458FFBC2DC4FB95604AA /* [CP] Embed Pods Frameworks */ = {
			isa = PBXShellScriptBuildPhase;
			buildActionMask = 2147483647;
			files = (
			);
			inputFileListPaths = (
				"${PODS_ROOT}/Target Support Files/Pods-SimpleMVVMExampleUITests/Pods-SimpleMVVMExampleUITests-frameworks-${CONFIGURATION}-input-files.xcfilelist",
			);
			name = "[CP] Embed Pods Frameworks";
			outputFileListPaths = (
				"${PODS_ROOT}/Target Support Files/Pods-SimpleMVVMExampleUITests/Pods-SimpleMVVMExampleUITests-frameworks-${CONFIGURATION}-output-files.xcfilelist",
			);
			runOnlyForDeploymentPostprocessing = 0;
			shellPath = /bin/sh;
			shellScript = "\"${PODS_ROOT}/Target Support Files/Pods-SimpleMVVMExampleUITests/Pods-SimpleMVVMExampleUITests-frameworks.sh\"\n";
			showEnvVarsInLog = 0;
		};
		65325AA2A2C629D317CCE442 /* [CP] Embed Pods Frameworks */ = {
			isa = PBXShellScriptBuildPhase;
			buildActionMask = 2147483647;
			files = (
			);
			inputFileListPaths = (
				"${PODS_ROOT}/Target Support Files/Pods-SimpleMVVMExample/Pods-SimpleMVVMExample-frameworks-${CONFIGURATION}-input-files.xcfilelist",
			);
			name = "[CP] Embed Pods Frameworks";
			outputFileListPaths = (
				"${PODS_ROOT}/Target Support Files/Pods-SimpleMVVMExample/Pods-SimpleMVVMExample-frameworks-${CONFIGURATION}-output-files.xcfilelist",
			);
			runOnlyForDeploymentPostprocessing = 0;
			shellPath = /bin/sh;
			shellScript = "\"${PODS_ROOT}/Target Support Files/Pods-SimpleMVVMExample/Pods-SimpleMVVMExample-frameworks.sh\"\n";
			showEnvVarsInLog = 0;
		};
		885E8128F7185F19DADC0870 /* [CP] Embed Pods Frameworks */ = {
			isa = PBXShellScriptBuildPhase;
			buildActionMask = 2147483647;
			files = (
			);
			inputFileListPaths = (
				"${PODS_ROOT}/Target Support Files/Pods-SimpleMVVMExampleTests/Pods-SimpleMVVMExampleTests-frameworks-${CONFIGURATION}-input-files.xcfilelist",
			);
			name = "[CP] Embed Pods Frameworks";
			outputFileListPaths = (
				"${PODS_ROOT}/Target Support Files/Pods-SimpleMVVMExampleTests/Pods-SimpleMVVMExampleTests-frameworks-${CONFIGURATION}-output-files.xcfilelist",
			);
			runOnlyForDeploymentPostprocessing = 0;
			shellPath = /bin/sh;
			shellScript = "\"${PODS_ROOT}/Target Support Files/Pods-SimpleMVVMExampleTests/Pods-SimpleMVVMExampleTests-frameworks.sh\"\n";
			showEnvVarsInLog = 0;
		};
		C16BDE4F7F4EF86B58C990EE /* [CP] Check Pods Manifest.lock */ = {
			isa = PBXShellScriptBuildPhase;
			buildActionMask = 2147483647;
			files = (
			);
			inputFileListPaths = (
			);
			inputPaths = (
				"${PODS_PODFILE_DIR_PATH}/Podfile.lock",
				"${PODS_ROOT}/Manifest.lock",
			);
			name = "[CP] Check Pods Manifest.lock";
			outputFileListPaths = (
			);
			outputPaths = (
				"$(DERIVED_FILE_DIR)/Pods-SimpleMVVMExampleTests-checkManifestLockResult.txt",
			);
			runOnlyForDeploymentPostprocessing = 0;
			shellPath = /bin/sh;
			shellScript = "diff \"${PODS_PODFILE_DIR_PATH}/Podfile.lock\" \"${PODS_ROOT}/Manifest.lock\" > /dev/null\nif [ $? != 0 ] ; then\n    # print error to STDERR\n    echo \"error: The sandbox is not in sync with the Podfile.lock. Run 'pod install' or update your CocoaPods installation.\" >&2\n    exit 1\nfi\n# This output is used by Xcode 'outputs' to avoid re-running this script phase.\necho \"SUCCESS\" > \"${SCRIPT_OUTPUT_FILE_0}\"\n";
			showEnvVarsInLog = 0;
		};
		D4BA7CAB6C949F61E84AA41C /* [CP] Check Pods Manifest.lock */ = {
			isa = PBXShellScriptBuildPhase;
			buildActionMask = 2147483647;
			files = (
			);
			inputFileListPaths = (
			);
			inputPaths = (
				"${PODS_PODFILE_DIR_PATH}/Podfile.lock",
				"${PODS_ROOT}/Manifest.lock",
			);
			name = "[CP] Check Pods Manifest.lock";
			outputFileListPaths = (
			);
			outputPaths = (
				"$(DERIVED_FILE_DIR)/Pods-SimpleMVVMExample-checkManifestLockResult.txt",
			);
			runOnlyForDeploymentPostprocessing = 0;
			shellPath = /bin/sh;
			shellScript = "diff \"${PODS_PODFILE_DIR_PATH}/Podfile.lock\" \"${PODS_ROOT}/Manifest.lock\" > /dev/null\nif [ $? != 0 ] ; then\n    # print error to STDERR\n    echo \"error: The sandbox is not in sync with the Podfile.lock. Run 'pod install' or update your CocoaPods installation.\" >&2\n    exit 1\nfi\n# This output is used by Xcode 'outputs' to avoid re-running this script phase.\necho \"SUCCESS\" > \"${SCRIPT_OUTPUT_FILE_0}\"\n";
			showEnvVarsInLog = 0;
		};
/* End PBXShellScriptBuildPhase section */

/* Begin PBXSourcesBuildPhase section */
		616DF47926CD01D8006E0211 /* Sources */ = {
			isa = PBXSourcesBuildPhase;
			buildActionMask = 2147483647;
			files = (
				616DF6BC26D24FBB006E0211 /* SimpleMVVMExampleSnapshotTests.swift in Sources */,
			);
			runOnlyForDeploymentPostprocessing = 0;
		};
		CAAD2EC322F51C7E004310C1 /* Sources */ = {
			isa = PBXSourcesBuildPhase;
			buildActionMask = 2147483647;
			files = (
				CAAD2F0122F52BE6004310C1 /* PhotoViewModel.swift in Sources */,
				6145685E26D4DFDC002421C3 /* CardTableViewCell.swift in Sources */,
				CAAD2ECD22F51C7E004310C1 /* PhotoListViewController.swift in Sources */,
				6145685F26D4DFDC002421C3 /* AccountTableViewCell.swift in Sources */,
				6145686026D4DFDC002421C3 /* MessageTableViewCell.swift in Sources */,
				CAAD2F0622F531AE004310C1 /* PhotoModel.swift in Sources */,
				CAAD2ECB22F51C7E004310C1 /* AppDelegate.swift in Sources */,
				6145687E26D4E698002421C3 /* DetailViewController.swift in Sources */,
			);
			runOnlyForDeploymentPostprocessing = 0;
		};
		CAAD2ED722F51C7F004310C1 /* Sources */ = {
			isa = PBXSourcesBuildPhase;
			buildActionMask = 2147483647;
			files = (
				CAAD2EE022F51C7F004310C1 /* SimpleMVVMExampleTests.swift in Sources */,
			);
			runOnlyForDeploymentPostprocessing = 0;
		};
		CAAD2EE222F51C7F004310C1 /* Sources */ = {
			isa = PBXSourcesBuildPhase;
			buildActionMask = 2147483647;
			files = (
				CAAD2EEB22F51C7F004310C1 /* SimpleMVVMExampleUITests.swift in Sources */,
			);
			runOnlyForDeploymentPostprocessing = 0;
		};
/* End PBXSourcesBuildPhase section */

/* Begin PBXTargetDependency section */
		616DF48326CD01D8006E0211 /* PBXTargetDependency */ = {
			isa = PBXTargetDependency;
			target = CAAD2EC622F51C7E004310C1 /* SimpleMVVMExample */;
			targetProxy = 616DF48226CD01D8006E0211 /* PBXContainerItemProxy */;
		};
		CAAD2EDD22F51C7F004310C1 /* PBXTargetDependency */ = {
			isa = PBXTargetDependency;
			target = CAAD2EC622F51C7E004310C1 /* SimpleMVVMExample */;
			targetProxy = CAAD2EDC22F51C7F004310C1 /* PBXContainerItemProxy */;
		};
		CAAD2EE822F51C7F004310C1 /* PBXTargetDependency */ = {
			isa = PBXTargetDependency;
			target = CAAD2EC622F51C7E004310C1 /* SimpleMVVMExample */;
			targetProxy = CAAD2EE722F51C7F004310C1 /* PBXContainerItemProxy */;
		};
/* End PBXTargetDependency section */

/* Begin PBXVariantGroup section */
		CAAD2ECE22F51C7E004310C1 /* Main.storyboard */ = {
			isa = PBXVariantGroup;
			children = (
				CAAD2ECF22F51C7E004310C1 /* Base */,
			);
			name = Main.storyboard;
			sourceTree = "<group>";
		};
		CAAD2ED322F51C7F004310C1 /* LaunchScreen.storyboard */ = {
			isa = PBXVariantGroup;
			children = (
				CAAD2ED422F51C7F004310C1 /* Base */,
			);
			name = LaunchScreen.storyboard;
			sourceTree = "<group>";
		};
/* End PBXVariantGroup section */

/* Begin XCBuildConfiguration section */
		616DF48426CD01D8006E0211 /* Debug */ = {
			isa = XCBuildConfiguration;
			buildSettings = {
				ALWAYS_EMBED_SWIFT_STANDARD_LIBRARIES = YES;
				BUNDLE_LOADER = "$(TEST_HOST)";
				CLANG_WARN_QUOTED_INCLUDE_IN_FRAMEWORK_HEADER = YES;
				CODE_SIGN_STYLE = Automatic;
				EXCLUDED_ARCHS = "";
				"EXCLUDED_ARCHS[sdk=iphonesimulator*]" = arm64;
				INFOPLIST_FILE = SimpleMVVMExampleSnapshotTests/Info.plist;
				IPHONEOS_DEPLOYMENT_TARGET = 14.4;
				LD_RUNPATH_SEARCH_PATHS = (
					"$(inherited)",
					"@executable_path/Frameworks",
					"@loader_path/Frameworks",
				);
				PRODUCT_BUNDLE_IDENTIFIER = test.com.SimpleMVVMExampleSnapshotTests;
				PRODUCT_MODULE_NAME = SimpleMVVMExampleSnapshotTests;
				PRODUCT_NAME = "$(TARGET_NAME)";
				SWIFT_VERSION = 5.0;
				TARGETED_DEVICE_FAMILY = "1,2";
				TEST_HOST = "$(BUILT_PRODUCTS_DIR)/SimpleMVVMExample.app/SimpleMVVMExample";
				VALIDATE_WORKSPACE = YES;
			};
			name = Debug;
		};
		616DF48526CD01D8006E0211 /* Release */ = {
			isa = XCBuildConfiguration;
			buildSettings = {
				ALWAYS_EMBED_SWIFT_STANDARD_LIBRARIES = YES;
				BUNDLE_LOADER = "$(TEST_HOST)";
				CLANG_WARN_QUOTED_INCLUDE_IN_FRAMEWORK_HEADER = YES;
				CODE_SIGN_STYLE = Automatic;
				EXCLUDED_ARCHS = "";
				"EXCLUDED_ARCHS[sdk=iphonesimulator*]" = arm64;
				INFOPLIST_FILE = SimpleMVVMExampleSnapshotTests/Info.plist;
				IPHONEOS_DEPLOYMENT_TARGET = 14.4;
				LD_RUNPATH_SEARCH_PATHS = (
					"$(inherited)",
					"@executable_path/Frameworks",
					"@loader_path/Frameworks",
				);
				PRODUCT_BUNDLE_IDENTIFIER = test.com.SimpleMVVMExampleSnapshotTests;
				PRODUCT_MODULE_NAME = SimpleMVVMExampleSnapshotTests;
				PRODUCT_NAME = "$(TARGET_NAME)";
				SWIFT_VERSION = 5.0;
				TARGETED_DEVICE_FAMILY = "1,2";
				TEST_HOST = "$(BUILT_PRODUCTS_DIR)/SimpleMVVMExample.app/SimpleMVVMExample";
				VALIDATE_WORKSPACE = YES;
			};
			name = Release;
		};
		CAAD2EED22F51C7F004310C1 /* Debug */ = {
			isa = XCBuildConfiguration;
			buildSettings = {
				ALWAYS_SEARCH_USER_PATHS = NO;
				CLANG_ANALYZER_NONNULL = YES;
				CLANG_ANALYZER_NUMBER_OBJECT_CONVERSION = YES_AGGRESSIVE;
				CLANG_CXX_LANGUAGE_STANDARD = "gnu++14";
				CLANG_CXX_LIBRARY = "libc++";
				CLANG_ENABLE_MODULES = YES;
				CLANG_ENABLE_OBJC_ARC = YES;
				CLANG_ENABLE_OBJC_WEAK = YES;
				CLANG_WARN_BLOCK_CAPTURE_AUTORELEASING = YES;
				CLANG_WARN_BOOL_CONVERSION = YES;
				CLANG_WARN_COMMA = YES;
				CLANG_WARN_CONSTANT_CONVERSION = YES;
				CLANG_WARN_DEPRECATED_OBJC_IMPLEMENTATIONS = YES;
				CLANG_WARN_DIRECT_OBJC_ISA_USAGE = YES_ERROR;
				CLANG_WARN_DOCUMENTATION_COMMENTS = YES;
				CLANG_WARN_EMPTY_BODY = YES;
				CLANG_WARN_ENUM_CONVERSION = YES;
				CLANG_WARN_INFINITE_RECURSION = YES;
				CLANG_WARN_INT_CONVERSION = YES;
				CLANG_WARN_NON_LITERAL_NULL_CONVERSION = YES;
				CLANG_WARN_OBJC_IMPLICIT_RETAIN_SELF = YES;
				CLANG_WARN_OBJC_LITERAL_CONVERSION = YES;
				CLANG_WARN_OBJC_ROOT_CLASS = YES_ERROR;
				CLANG_WARN_RANGE_LOOP_ANALYSIS = YES;
				CLANG_WARN_STRICT_PROTOTYPES = YES;
				CLANG_WARN_SUSPICIOUS_MOVE = YES;
				CLANG_WARN_UNGUARDED_AVAILABILITY = YES_AGGRESSIVE;
				CLANG_WARN_UNREACHABLE_CODE = YES;
				CLANG_WARN__DUPLICATE_METHOD_MATCH = YES;
				CODE_SIGN_IDENTITY = "iPhone Developer";
				COPY_PHASE_STRIP = NO;
				DEBUG_INFORMATION_FORMAT = dwarf;
				ENABLE_STRICT_OBJC_MSGSEND = YES;
				ENABLE_TESTABILITY = YES;
				"EXCLUDED_ARCHS[sdk=iphonesimulator*]" = arm64;
				FRAMEWORK_SEARCH_PATHS = "$(SRCROOT)/**";
				GCC_C_LANGUAGE_STANDARD = gnu11;
				GCC_DYNAMIC_NO_PIC = NO;
				GCC_NO_COMMON_BLOCKS = YES;
				GCC_OPTIMIZATION_LEVEL = 0;
				GCC_PREPROCESSOR_DEFINITIONS = (
					"DEBUG=1",
					"$(inherited)",
				);
				GCC_WARN_64_TO_32_BIT_CONVERSION = YES;
				GCC_WARN_ABOUT_RETURN_TYPE = YES_ERROR;
				GCC_WARN_UNDECLARED_SELECTOR = YES;
				GCC_WARN_UNINITIALIZED_AUTOS = YES_AGGRESSIVE;
				GCC_WARN_UNUSED_FUNCTION = YES;
				GCC_WARN_UNUSED_VARIABLE = YES;
				IPHONEOS_DEPLOYMENT_TARGET = 12.2;
				MTL_ENABLE_DEBUG_INFO = INCLUDE_SOURCE;
				MTL_FAST_MATH = YES;
				ONLY_ACTIVE_ARCH = YES;
				PRODUCT_MODULE_NAME = SimpleMVVMExample;
				SDKROOT = iphoneos;
				SWIFT_ACTIVE_COMPILATION_CONDITIONS = DEBUG;
				SWIFT_OPTIMIZATION_LEVEL = "-Onone";
			};
			name = Debug;
		};
		CAAD2EEE22F51C7F004310C1 /* Release */ = {
			isa = XCBuildConfiguration;
			buildSettings = {
				ALWAYS_SEARCH_USER_PATHS = NO;
				CLANG_ANALYZER_NONNULL = YES;
				CLANG_ANALYZER_NUMBER_OBJECT_CONVERSION = YES_AGGRESSIVE;
				CLANG_CXX_LANGUAGE_STANDARD = "gnu++14";
				CLANG_CXX_LIBRARY = "libc++";
				CLANG_ENABLE_MODULES = YES;
				CLANG_ENABLE_OBJC_ARC = YES;
				CLANG_ENABLE_OBJC_WEAK = YES;
				CLANG_WARN_BLOCK_CAPTURE_AUTORELEASING = YES;
				CLANG_WARN_BOOL_CONVERSION = YES;
				CLANG_WARN_COMMA = YES;
				CLANG_WARN_CONSTANT_CONVERSION = YES;
				CLANG_WARN_DEPRECATED_OBJC_IMPLEMENTATIONS = YES;
				CLANG_WARN_DIRECT_OBJC_ISA_USAGE = YES_ERROR;
				CLANG_WARN_DOCUMENTATION_COMMENTS = YES;
				CLANG_WARN_EMPTY_BODY = YES;
				CLANG_WARN_ENUM_CONVERSION = YES;
				CLANG_WARN_INFINITE_RECURSION = YES;
				CLANG_WARN_INT_CONVERSION = YES;
				CLANG_WARN_NON_LITERAL_NULL_CONVERSION = YES;
				CLANG_WARN_OBJC_IMPLICIT_RETAIN_SELF = YES;
				CLANG_WARN_OBJC_LITERAL_CONVERSION = YES;
				CLANG_WARN_OBJC_ROOT_CLASS = YES_ERROR;
				CLANG_WARN_RANGE_LOOP_ANALYSIS = YES;
				CLANG_WARN_STRICT_PROTOTYPES = YES;
				CLANG_WARN_SUSPICIOUS_MOVE = YES;
				CLANG_WARN_UNGUARDED_AVAILABILITY = YES_AGGRESSIVE;
				CLANG_WARN_UNREACHABLE_CODE = YES;
				CLANG_WARN__DUPLICATE_METHOD_MATCH = YES;
				CODE_SIGN_IDENTITY = "iPhone Developer";
				COPY_PHASE_STRIP = NO;
				DEBUG_INFORMATION_FORMAT = "dwarf-with-dsym";
				ENABLE_NS_ASSERTIONS = NO;
				ENABLE_STRICT_OBJC_MSGSEND = YES;
				"EXCLUDED_ARCHS[sdk=iphonesimulator*]" = arm64;
				FRAMEWORK_SEARCH_PATHS = "$(SRCROOT)/**";
				GCC_C_LANGUAGE_STANDARD = gnu11;
				GCC_NO_COMMON_BLOCKS = YES;
				GCC_WARN_64_TO_32_BIT_CONVERSION = YES;
				GCC_WARN_ABOUT_RETURN_TYPE = YES_ERROR;
				GCC_WARN_UNDECLARED_SELECTOR = YES;
				GCC_WARN_UNINITIALIZED_AUTOS = YES_AGGRESSIVE;
				GCC_WARN_UNUSED_FUNCTION = YES;
				GCC_WARN_UNUSED_VARIABLE = YES;
				IPHONEOS_DEPLOYMENT_TARGET = 12.2;
				MTL_ENABLE_DEBUG_INFO = NO;
				MTL_FAST_MATH = YES;
				PRODUCT_MODULE_NAME = SimpleMVVMExample;
				SDKROOT = iphoneos;
				SWIFT_COMPILATION_MODE = wholemodule;
				SWIFT_OPTIMIZATION_LEVEL = "-O";
				VALIDATE_PRODUCT = YES;
			};
			name = Release;
		};
		CAAD2EF022F51C7F004310C1 /* Debug */ = {
			isa = XCBuildConfiguration;
			baseConfigurationReference = 55624029A0AD4DD4A1B08BC6 /* Pods-SimpleMVVMExample.debug.xcconfig */;
			buildSettings = {
				ASSETCATALOG_COMPILER_APPICON_NAME = AppIcon;
				CODE_SIGN_STYLE = Automatic;
				DEFINES_MODULE = YES;
				DEVELOPMENT_TEAM = UW69ZFFDZJ;
				"EXCLUDED_ARCHS[sdk=iphonesimulator*]" = arm64;
				INFOPLIST_FILE = SimpleMVVMExample/Info.plist;
				LD_RUNPATH_SEARCH_PATHS = (
					"$(inherited)",
					"@executable_path/Frameworks",
				);
				PRODUCT_BUNDLE_IDENTIFIER = com.studeapps.SimpleMVVMExample;
				PRODUCT_NAME = "$(TARGET_NAME)";
				SWIFT_VERSION = 5.0;
				TARGETED_DEVICE_FAMILY = "1,2";
				VALIDATE_WORKSPACE = YES;
			};
			name = Debug;
		};
		CAAD2EF122F51C7F004310C1 /* Release */ = {
			isa = XCBuildConfiguration;
			baseConfigurationReference = FE17B577B17F2C538A1A4811 /* Pods-SimpleMVVMExample.release.xcconfig */;
			buildSettings = {
				ASSETCATALOG_COMPILER_APPICON_NAME = AppIcon;
				CODE_SIGN_STYLE = Automatic;
				DEFINES_MODULE = YES;
				DEVELOPMENT_TEAM = UW69ZFFDZJ;
				"EXCLUDED_ARCHS[sdk=iphonesimulator*]" = arm64;
				INFOPLIST_FILE = SimpleMVVMExample/Info.plist;
				LD_RUNPATH_SEARCH_PATHS = (
					"$(inherited)",
					"@executable_path/Frameworks",
				);
				PRODUCT_BUNDLE_IDENTIFIER = com.studeapps.SimpleMVVMExample;
				PRODUCT_NAME = "$(TARGET_NAME)";
				SWIFT_VERSION = 5.0;
				TARGETED_DEVICE_FAMILY = "1,2";
				VALIDATE_WORKSPACE = YES;
			};
			name = Release;
		};
		CAAD2EF322F51C7F004310C1 /* Debug */ = {
			isa = XCBuildConfiguration;
			baseConfigurationReference = 201B9DA158FB188AE676BF83 /* Pods-SimpleMVVMExampleTests.debug.xcconfig */;
			buildSettings = {
				ALWAYS_EMBED_SWIFT_STANDARD_LIBRARIES = YES;
				BUNDLE_LOADER = "$(TEST_HOST)";
				CODE_SIGN_STYLE = Automatic;
				DEVELOPMENT_TEAM = UW69ZFFDZJ;
				"EXCLUDED_ARCHS[sdk=iphonesimulator*]" = arm64;
				FRAMEWORK_SEARCH_PATHS = (
					"$(inherited)",
					"\"$(PLATFORM_DIR)/Developer/Library/Frameworks\"",
					"\"${PODS_CONFIGURATION_BUILD_DIR}/Alamofire\"",
					"\"${PODS_CONFIGURATION_BUILD_DIR}/PromiseKit\"",
					"\"${PODS_CONFIGURATION_BUILD_DIR}/SnapshotTesting\"/**",
				);
				INFOPLIST_FILE = SimpleMVVMExampleTests/Info.plist;
				LD_RUNPATH_SEARCH_PATHS = (
					"$(inherited)",
					"@executable_path/Frameworks",
					"@loader_path/Frameworks",
				);
				PRODUCT_BUNDLE_IDENTIFIER = com.studeapps.SimpleMVVMExampleTests;
				PRODUCT_MODULE_NAME = SimpleMVVMExampleTests;
				PRODUCT_NAME = "$(TARGET_NAME)";
				SWIFT_VERSION = 5.0;
				TARGETED_DEVICE_FAMILY = "1,2";
				TEST_HOST = "$(BUILT_PRODUCTS_DIR)/SimpleMVVMExample.app/SimpleMVVMExample";
				VALIDATE_WORKSPACE = YES;
			};
			name = Debug;
		};
		CAAD2EF422F51C7F004310C1 /* Release */ = {
			isa = XCBuildConfiguration;
			baseConfigurationReference = C911F9812BDD3B6D02868FB6 /* Pods-SimpleMVVMExampleTests.release.xcconfig */;
			buildSettings = {
				ALWAYS_EMBED_SWIFT_STANDARD_LIBRARIES = YES;
				BUNDLE_LOADER = "$(TEST_HOST)";
				CODE_SIGN_STYLE = Automatic;
				DEVELOPMENT_TEAM = UW69ZFFDZJ;
				"EXCLUDED_ARCHS[sdk=iphonesimulator*]" = arm64;
				FRAMEWORK_SEARCH_PATHS = (
					"$(inherited)",
					"\"$(PLATFORM_DIR)/Developer/Library/Frameworks\"",
					"\"${PODS_CONFIGURATION_BUILD_DIR}/Alamofire\"",
					"\"${PODS_CONFIGURATION_BUILD_DIR}/PromiseKit\"",
					"\"${PODS_CONFIGURATION_BUILD_DIR}/SnapshotTesting\"/**",
				);
				INFOPLIST_FILE = SimpleMVVMExampleTests/Info.plist;
				LD_RUNPATH_SEARCH_PATHS = (
					"$(inherited)",
					"@executable_path/Frameworks",
					"@loader_path/Frameworks",
				);
				PRODUCT_BUNDLE_IDENTIFIER = com.studeapps.SimpleMVVMExampleTests;
				PRODUCT_MODULE_NAME = SimpleMVVMExampleTests;
				PRODUCT_NAME = "$(TARGET_NAME)";
				SWIFT_VERSION = 5.0;
				TARGETED_DEVICE_FAMILY = "1,2";
				TEST_HOST = "$(BUILT_PRODUCTS_DIR)/SimpleMVVMExample.app/SimpleMVVMExample";
				VALIDATE_WORKSPACE = YES;
			};
			name = Release;
		};
		CAAD2EF622F51C7F004310C1 /* Debug */ = {
			isa = XCBuildConfiguration;
			baseConfigurationReference = 42F1731A8B0E2185D1E3A8AA /* Pods-SimpleMVVMExampleUITests.debug.xcconfig */;
			buildSettings = {
				ALWAYS_EMBED_SWIFT_STANDARD_LIBRARIES = YES;
				CODE_SIGN_STYLE = Automatic;
				DEVELOPMENT_TEAM = UW69ZFFDZJ;
				"EXCLUDED_ARCHS[sdk=iphonesimulator*]" = arm64;
				FRAMEWORK_SEARCH_PATHS = (
					"$(inherited)",
					"\"$(PLATFORM_DIR)/Developer/Library/Frameworks\"",
					"\"${PODS_CONFIGURATION_BUILD_DIR}/Alamofire\"",
					"\"${PODS_CONFIGURATION_BUILD_DIR}/PromiseKit\"",
					"\"${PODS_CONFIGURATION_BUILD_DIR}/SnapshotTesting\"/**",
				);
				INFOPLIST_FILE = SimpleMVVMExampleUITests/Info.plist;
				LD_RUNPATH_SEARCH_PATHS = (
					"$(inherited)",
					"@executable_path/Frameworks",
					"@loader_path/Frameworks",
				);
				PRODUCT_BUNDLE_IDENTIFIER = com.studeapps.SimpleMVVMExampleUITests;
				PRODUCT_MODULE_NAME = SimpleMVVMExampleUITests;
				PRODUCT_NAME = "$(TARGET_NAME)";
				SWIFT_VERSION = 5.0;
				TARGETED_DEVICE_FAMILY = "1,2";
				TEST_TARGET_NAME = SimpleMVVMExample;
				VALIDATE_WORKSPACE = YES;
			};
			name = Debug;
		};
		CAAD2EF722F51C7F004310C1 /* Release */ = {
			isa = XCBuildConfiguration;
			baseConfigurationReference = 2F438F60278C1B5EA8DDBA3A /* Pods-SimpleMVVMExampleUITests.release.xcconfig */;
			buildSettings = {
				ALWAYS_EMBED_SWIFT_STANDARD_LIBRARIES = YES;
				CODE_SIGN_STYLE = Automatic;
				DEVELOPMENT_TEAM = UW69ZFFDZJ;
				"EXCLUDED_ARCHS[sdk=iphonesimulator*]" = arm64;
				FRAMEWORK_SEARCH_PATHS = (
					"$(inherited)",
					"\"$(PLATFORM_DIR)/Developer/Library/Frameworks\"",
					"\"${PODS_CONFIGURATION_BUILD_DIR}/Alamofire\"",
					"\"${PODS_CONFIGURATION_BUILD_DIR}/PromiseKit\"",
					"\"${PODS_CONFIGURATION_BUILD_DIR}/SnapshotTesting\"/**",
				);
				INFOPLIST_FILE = SimpleMVVMExampleUITests/Info.plist;
				LD_RUNPATH_SEARCH_PATHS = (
					"$(inherited)",
					"@executable_path/Frameworks",
					"@loader_path/Frameworks",
				);
				PRODUCT_BUNDLE_IDENTIFIER = com.studeapps.SimpleMVVMExampleUITests;
				PRODUCT_MODULE_NAME = SimpleMVVMExampleUITests;
				PRODUCT_NAME = "$(TARGET_NAME)";
				SWIFT_VERSION = 5.0;
				TARGETED_DEVICE_FAMILY = "1,2";
				TEST_TARGET_NAME = SimpleMVVMExample;
				VALIDATE_WORKSPACE = YES;
			};
			name = Release;
		};
/* End XCBuildConfiguration section */

/* Begin XCConfigurationList section */
		616DF48626CD01D8006E0211 /* Build configuration list for PBXNativeTarget "SimpleMVVMExampleSnapshotTests" */ = {
			isa = XCConfigurationList;
			buildConfigurations = (
				616DF48426CD01D8006E0211 /* Debug */,
				616DF48526CD01D8006E0211 /* Release */,
			);
			defaultConfigurationIsVisible = 0;
			defaultConfigurationName = Release;
		};
		CAAD2EC222F51C7E004310C1 /* Build configuration list for PBXProject "SimpleMVVMExample" */ = {
			isa = XCConfigurationList;
			buildConfigurations = (
				CAAD2EED22F51C7F004310C1 /* Debug */,
				CAAD2EEE22F51C7F004310C1 /* Release */,
			);
			defaultConfigurationIsVisible = 0;
			defaultConfigurationName = Release;
		};
		CAAD2EEF22F51C7F004310C1 /* Build configuration list for PBXNativeTarget "SimpleMVVMExample" */ = {
			isa = XCConfigurationList;
			buildConfigurations = (
				CAAD2EF022F51C7F004310C1 /* Debug */,
				CAAD2EF122F51C7F004310C1 /* Release */,
			);
			defaultConfigurationIsVisible = 0;
			defaultConfigurationName = Release;
		};
		CAAD2EF222F51C7F004310C1 /* Build configuration list for PBXNativeTarget "SimpleMVVMExampleTests" */ = {
			isa = XCConfigurationList;
			buildConfigurations = (
				CAAD2EF322F51C7F004310C1 /* Debug */,
				CAAD2EF422F51C7F004310C1 /* Release */,
			);
			defaultConfigurationIsVisible = 0;
			defaultConfigurationName = Release;
		};
		CAAD2EF522F51C7F004310C1 /* Build configuration list for PBXNativeTarget "SimpleMVVMExampleUITests" */ = {
			isa = XCConfigurationList;
			buildConfigurations = (
				CAAD2EF622F51C7F004310C1 /* Debug */,
				CAAD2EF722F51C7F004310C1 /* Release */,
			);
			defaultConfigurationIsVisible = 0;
			defaultConfigurationName = Release;
		};
/* End XCConfigurationList section */

/* Begin XCRemoteSwiftPackageReference section */
		6145684026D2B3C7002421C3 /* XCRemoteSwiftPackageReference "swift-snapshot-testing" */ = {
			isa = XCRemoteSwiftPackageReference;
			repositoryURL = "https://github.com/pointfreeco/swift-snapshot-testing";
			requirement = {
				kind = upToNextMajorVersion;
				minimumVersion = 1.9.0;
			};
		};
/* End XCRemoteSwiftPackageReference section */

/* Begin XCSwiftPackageProductDependency section */
		6145684126D2B3C7002421C3 /* SnapshotTesting */ = {
			isa = XCSwiftPackageProductDependency;
			package = 6145684026D2B3C7002421C3 /* XCRemoteSwiftPackageReference "swift-snapshot-testing" */;
			productName = SnapshotTesting;
		};
/* End XCSwiftPackageProductDependency section */
	};
	rootObject = CAAD2EBF22F51C7E004310C1 /* Project object */;
}
